
Microsoft Visual Studio Solution File, Format Version 12.00
# Visual Studio Version 17
VisualStudioVersion = 17.5.33414.496
MinimumVisualStudioVersion = 10.0.40219.1
Project("{FAE04EC0-301F-11D3-BF4B-00C04F79EFBC}") = "modul9_130221069", "modul9_130221069.csproj", "{AFA8526D-3A4B-48AB-B0A0-CB83D8C0AB67}"
EndProject
Global
	GlobalSection(SolutionConfigurationPlatforms) = preSolution
		Debug|Any CPU = Debug|Any CPU
		Release|Any CPU = Release|Any CPU
	EndGlobalSection
	GlobalSection(ProjectConfigurationPlatforms) = postSolution
		{AFA8526D-3A4B-48AB-B0A0-CB83D8C0AB67}.Debug|Any CPU.ActiveCfg = Debug|Any CPU
		{AFA8526D-3A4B-48AB-B0A0-CB83D8C0AB67}.Debug|Any CPU.Build.0 = Debug|Any CPU
		{AFA8526D-3A4B-48AB-B0A0-CB83D8C0AB67}.Release|Any CPU.ActiveCfg = Release|Any CPU
		{AFA8526D-3A4B-48AB-B0A0-CB83D8C0AB67}.Release|Any CPU.Build.0 = Release|Any CPU
	EndGlobalSection
	GlobalSection(SolutionProperties) = preSolution
		HideSolutionNode = FALSE
	EndGlobalSection
	GlobalSection(ExtensibilityGlobals) = postSolution
		SolutionGuid = {FA33ED6C-7CF2-46A3-9A41-37F93E03BC42}
	EndGlobalSection
EndGlobal
